
Microsoft Visual Studio Solution File, Format Version 12.00
# Visual Studio 14
VisualStudioVersion = 14.0.25123.0
MinimumVisualStudioVersion = 10.0.40219.1
Project("{FAE04EC0-301F-11D3-BF4B-00C04F79EFBC}") = "XFApp1", "XFApp1\XFApp1\XFApp1.csproj", "{F21C7E00-D6FF-4B9F-A193-8CCC37FC18FC}"
EndProject
Project("{FAE04EC0-301F-11D3-BF4B-00C04F79EFBC}") = "XFApp1.Droid", "XFApp1\XFApp1.Droid\XFApp1.Droid.csproj", "{FBEB0111-5E45-413D-B2FD-3A8C11FA06A4}"
EndProject
Project("{FAE04EC0-301F-11D3-BF4B-00C04F79EFBC}") = "XFApp1.iOS", "XFApp1\XFApp1.iOS\XFApp1.iOS.csproj", "{11C7FC07-4780-48B4-83CD-D63064610E3D}"
EndProject
Project("{FAE04EC0-301F-11D3-BF4B-00C04F79EFBC}") = "XFApp1.UWP", "XFApp1\XFApp1.UWP\XFApp1.UWP.csproj", "{FA52BD27-0300-41C0-BEE8-AA157B3AAFCB}"
EndProject
Global
	GlobalSection(SolutionConfigurationPlatforms) = preSolution
		Ad-Hoc|Any CPU = Ad-Hoc|Any CPU
		Ad-Hoc|ARM = Ad-Hoc|ARM
		Ad-Hoc|iPhone = Ad-Hoc|iPhone
		Ad-Hoc|iPhoneSimulator = Ad-Hoc|iPhoneSimulator
		Ad-Hoc|x64 = Ad-Hoc|x64
		Ad-Hoc|x86 = Ad-Hoc|x86
		AppStore|Any CPU = AppStore|Any CPU
		AppStore|ARM = AppStore|ARM
		AppStore|iPhone = AppStore|iPhone
		AppStore|iPhoneSimulator = AppStore|iPhoneSimulator
		AppStore|x64 = AppStore|x64
		AppStore|x86 = AppStore|x86
		Debug|Any CPU = Debug|Any CPU
		Debug|ARM = Debug|ARM
		Debug|iPhone = Debug|iPhone
		Debug|iPhoneSimulator = Debug|iPhoneSimulator
		Debug|x64 = Debug|x64
		Debug|x86 = Debug|x86
		Release|Any CPU = Release|Any CPU
		Release|ARM = Release|ARM
		Release|iPhone = Release|iPhone
		Release|iPhoneSimulator = Release|iPhoneSimulator
		Release|x64 = Release|x64
		Release|x86 = Release|x86
	EndGlobalSection
	GlobalSection(ProjectConfigurationPlatforms) = postSolution
		{F21C7E00-D6FF-4B9F-A193-8CCC37FC18FC}.Ad-Hoc|Any CPU.ActiveCfg = Release|Any CPU
		{F21C7E00-D6FF-4B9F-A193-8CCC37FC18FC}.Ad-Hoc|Any CPU.Build.0 = Release|Any CPU
		{F21C7E00-D6FF-4B9F-A193-8CCC37FC18FC}.Ad-Hoc|ARM.ActiveCfg = Release|Any CPU
		{F21C7E00-D6FF-4B9F-A193-8CCC37FC18FC}.Ad-Hoc|ARM.Build.0 = Release|Any CPU
		{F21C7E00-D6FF-4B9F-A193-8CCC37FC18FC}.Ad-Hoc|iPhone.ActiveCfg = Release|Any CPU
		{F21C7E00-D6FF-4B9F-A193-8CCC37FC18FC}.Ad-Hoc|iPhone.Build.0 = Release|Any CPU
		{F21C7E00-D6FF-4B9F-A193-8CCC37FC18FC}.Ad-Hoc|iPhoneSimulator.ActiveCfg = Release|Any CPU
		{F21C7E00-D6FF-4B9F-A193-8CCC37FC18FC}.Ad-Hoc|iPhoneSimulator.Build.0 = Release|Any CPU
		{F21C7E00-D6FF-4B9F-A193-8CCC37FC18FC}.Ad-Hoc|x64.ActiveCfg = Release|Any CPU
		{F21C7E00-D6FF-4B9F-A193-8CCC37FC18FC}.Ad-Hoc|x64.Build.0 = Release|Any CPU
		{F21C7E00-D6FF-4B9F-A193-8CCC37FC18FC}.Ad-Hoc|x86.ActiveCfg = Release|Any CPU
		{F21C7E00-D6FF-4B9F-A193-8CCC37FC18FC}.Ad-Hoc|x86.Build.0 = Release|Any CPU
		{F21C7E00-D6FF-4B9F-A193-8CCC37FC18FC}.AppStore|Any CPU.ActiveCfg = Release|Any CPU
		{F21C7E00-D6FF-4B9F-A193-8CCC37FC18FC}.AppStore|Any CPU.Build.0 = Release|Any CPU
		{F21C7E00-D6FF-4B9F-A193-8CCC37FC18FC}.AppStore|ARM.ActiveCfg = Release|Any CPU
		{F21C7E00-D6FF-4B9F-A193-8CCC37FC18FC}.AppStore|ARM.Build.0 = Release|Any CPU
		{F21C7E00-D6FF-4B9F-A193-8CCC37FC18FC}.AppStore|iPhone.ActiveCfg = Release|Any CPU
		{F21C7E00-D6FF-4B9F-A193-8CCC37FC18FC}.AppStore|iPhone.Build.0 = Release|Any CPU
		{F21C7E00-D6FF-4B9F-A193-8CCC37FC18FC}.AppStore|iPhoneSimulator.ActiveCfg = Release|Any CPU
		{F21C7E00-D6FF-4B9F-A193-8CCC37FC18FC}.AppStore|iPhoneSimulator.Build.0 = Release|Any CPU
		{F21C7E00-D6FF-4B9F-A193-8CCC37FC18FC}.AppStore|x64.ActiveCfg = Release|Any CPU
		{F21C7E00-D6FF-4B9F-A193-8CCC37FC18FC}.AppStore|x64.Build.0 = Release|Any CPU
		{F21C7E00-D6FF-4B9F-A193-8CCC37FC18FC}.AppStore|x86.ActiveCfg = Release|Any CPU
		{F21C7E00-D6FF-4B9F-A193-8CCC37FC18FC}.AppStore|x86.Build.0 = Release|Any CPU
		{F21C7E00-D6FF-4B9F-A193-8CCC37FC18FC}.Debug|Any CPU.ActiveCfg = Debug|Any CPU
		{F21C7E00-D6FF-4B9F-A193-8CCC37FC18FC}.Debug|Any CPU.Build.0 = Debug|Any CPU
		{F21C7E00-D6FF-4B9F-A193-8CCC37FC18FC}.Debug|ARM.ActiveCfg = Debug|Any CPU
		{F21C7E00-D6FF-4B9F-A193-8CCC37FC18FC}.Debug|ARM.Build.0 = Debug|Any CPU
		{F21C7E00-D6FF-4B9F-A193-8CCC37FC18FC}.Debug|iPhone.ActiveCfg = Debug|Any CPU
		{F21C7E00-D6FF-4B9F-A193-8CCC37FC18FC}.Debug|iPhone.Build.0 = Debug|Any CPU
		{F21C7E00-D6FF-4B9F-A193-8CCC37FC18FC}.Debug|iPhoneSimulator.ActiveCfg = Debug|Any CPU
		{F21C7E00-D6FF-4B9F-A193-8CCC37FC18FC}.Debug|iPhoneSimulator.Build.0 = Debug|Any CPU
		{F21C7E00-D6FF-4B9F-A193-8CCC37FC18FC}.Debug|x64.ActiveCfg = Debug|Any CPU
		{F21C7E00-D6FF-4B9F-A193-8CCC37FC18FC}.Debug|x64.Build.0 = Debug|Any CPU
		{F21C7E00-D6FF-4B9F-A193-8CCC37FC18FC}.Debug|x86.ActiveCfg = Debug|Any CPU
		{F21C7E00-D6FF-4B9F-A193-8CCC37FC18FC}.Debug|x86.Build.0 = Debug|Any CPU
		{F21C7E00-D6FF-4B9F-A193-8CCC37FC18FC}.Release|Any CPU.ActiveCfg = Release|Any CPU
		{F21C7E00-D6FF-4B9F-A193-8CCC37FC18FC}.Release|Any CPU.Build.0 = Release|Any CPU
		{F21C7E00-D6FF-4B9F-A193-8CCC37FC18FC}.Release|ARM.ActiveCfg = Release|Any CPU
		{F21C7E00-D6FF-4B9F-A193-8CCC37FC18FC}.Release|ARM.Build.0 = Release|Any CPU
		{F21C7E00-D6FF-4B9F-A193-8CCC37FC18FC}.Release|iPhone.ActiveCfg = Release|Any CPU
		{F21C7E00-D6FF-4B9F-A193-8CCC37FC18FC}.Release|iPhone.Build.0 = Release|Any CPU
		{F21C7E00-D6FF-4B9F-A193-8CCC37FC18FC}.Release|iPhoneSimulator.ActiveCfg = Release|Any CPU
		{F21C7E00-D6FF-4B9F-A193-8CCC37FC18FC}.Release|iPhoneSimulator.Build.0 = Release|Any CPU
		{F21C7E00-D6FF-4B9F-A193-8CCC37FC18FC}.Release|x64.ActiveCfg = Release|Any CPU
		{F21C7E00-D6FF-4B9F-A193-8CCC37FC18FC}.Release|x64.Build.0 = Release|Any CPU
		{F21C7E00-D6FF-4B9F-A193-8CCC37FC18FC}.Release|x86.ActiveCfg = Release|Any CPU
		{F21C7E00-D6FF-4B9F-A193-8CCC37FC18FC}.Release|x86.Build.0 = Release|Any CPU
		{FBEB0111-5E45-413D-B2FD-3A8C11FA06A4}.Ad-Hoc|Any CPU.ActiveCfg = Release|Any CPU
		{FBEB0111-5E45-413D-B2FD-3A8C11FA06A4}.Ad-Hoc|Any CPU.Build.0 = Release|Any CPU
		{FBEB0111-5E45-413D-B2FD-3A8C11FA06A4}.Ad-Hoc|Any CPU.Deploy.0 = Release|Any CPU
		{FBEB0111-5E45-413D-B2FD-3A8C11FA06A4}.Ad-Hoc|ARM.ActiveCfg = Release|Any CPU
		{FBEB0111-5E45-413D-B2FD-3A8C11FA06A4}.Ad-Hoc|ARM.Build.0 = Release|Any CPU
		{FBEB0111-5E45-413D-B2FD-3A8C11FA06A4}.Ad-Hoc|ARM.Deploy.0 = Release|Any CPU
		{FBEB0111-5E45-413D-B2FD-3A8C11FA06A4}.Ad-Hoc|iPhone.ActiveCfg = Release|Any CPU
		{FBEB0111-5E45-413D-B2FD-3A8C11FA06A4}.Ad-Hoc|iPhone.Build.0 = Release|Any CPU
		{FBEB0111-5E45-413D-B2FD-3A8C11FA06A4}.Ad-Hoc|iPhone.Deploy.0 = Release|Any CPU
		{FBEB0111-5E45-413D-B2FD-3A8C11FA06A4}.Ad-Hoc|iPhoneSimulator.ActiveCfg = Release|Any CPU
		{FBEB0111-5E45-413D-B2FD-3A8C11FA06A4}.Ad-Hoc|iPhoneSimulator.Build.0 = Release|Any CPU
		{FBEB0111-5E45-413D-B2FD-3A8C11FA06A4}.Ad-Hoc|iPhoneSimulator.Deploy.0 = Release|Any CPU
		{FBEB0111-5E45-413D-B2FD-3A8C11FA06A4}.Ad-Hoc|x64.ActiveCfg = Release|Any CPU
		{FBEB0111-5E45-413D-B2FD-3A8C11FA06A4}.Ad-Hoc|x64.Build.0 = Release|Any CPU
		{FBEB0111-5E45-413D-B2FD-3A8C11FA06A4}.Ad-Hoc|x64.Deploy.0 = Release|Any CPU
		{FBEB0111-5E45-413D-B2FD-3A8C11FA06A4}.Ad-Hoc|x86.ActiveCfg = Release|Any CPU
		{FBEB0111-5E45-413D-B2FD-3A8C11FA06A4}.Ad-Hoc|x86.Build.0 = Release|Any CPU
		{FBEB0111-5E45-413D-B2FD-3A8C11FA06A4}.Ad-Hoc|x86.Deploy.0 = Release|Any CPU
		{FBEB0111-5E45-413D-B2FD-3A8C11FA06A4}.AppStore|Any CPU.ActiveCfg = Release|Any CPU
		{FBEB0111-5E45-413D-B2FD-3A8C11FA06A4}.AppStore|Any CPU.Build.0 = Release|Any CPU
		{FBEB0111-5E45-413D-B2FD-3A8C11FA06A4}.AppStore|Any CPU.Deploy.0 = Release|Any CPU
		{FBEB0111-5E45-413D-B2FD-3A8C11FA06A4}.AppStore|ARM.ActiveCfg = Release|Any CPU
		{FBEB0111-5E45-413D-B2FD-3A8C11FA06A4}.AppStore|ARM.Build.0 = Release|Any CPU
		{FBEB0111-5E45-413D-B2FD-3A8C11FA06A4}.AppStore|ARM.Deploy.0 = Release|Any CPU
		{FBEB0111-5E45-413D-B2FD-3A8C11FA06A4}.AppStore|iPhone.ActiveCfg = Release|Any CPU
		{FBEB0111-5E45-413D-B2FD-3A8C11FA06A4}.AppStore|iPhone.Build.0 = Release|Any CPU
		{FBEB0111-5E45-413D-B2FD-3A8C11FA06A4}.AppStore|iPhone.Deploy.0 = Release|Any CPU
		{FBEB0111-5E45-413D-B2FD-3A8C11FA06A4}.AppStore|iPhoneSimulator.ActiveCfg = Release|Any CPU
		{FBEB0111-5E45-413D-B2FD-3A8C11FA06A4}.AppStore|iPhoneSimulator.Build.0 = Release|Any CPU
		{FBEB0111-5E45-413D-B2FD-3A8C11FA06A4}.AppStore|iPhoneSimulator.Deploy.0 = Release|Any CPU
		{FBEB0111-5E45-413D-B2FD-3A8C11FA06A4}.AppStore|x64.ActiveCfg = Release|Any CPU
		{FBEB0111-5E45-413D-B2FD-3A8C11FA06A4}.AppStore|x64.Build.0 = Release|Any CPU
		{FBEB0111-5E45-413D-B2FD-3A8C11FA06A4}.AppStore|x64.Deploy.0 = Release|Any CPU
		{FBEB0111-5E45-413D-B2FD-3A8C11FA06A4}.AppStore|x86.ActiveCfg = Release|Any CPU
		{FBEB0111-5E45-413D-B2FD-3A8C11FA06A4}.AppStore|x86.Build.0 = Release|Any CPU
		{FBEB0111-5E45-413D-B2FD-3A8C11FA06A4}.AppStore|x86.Deploy.0 = Release|Any CPU
		{FBEB0111-5E45-413D-B2FD-3A8C11FA06A4}.Debug|Any CPU.ActiveCfg = Debug|Any CPU
		{FBEB0111-5E45-413D-B2FD-3A8C11FA06A4}.Debug|Any CPU.Build.0 = Debug|Any CPU
		{FBEB0111-5E45-413D-B2FD-3A8C11FA06A4}.Debug|Any CPU.Deploy.0 = Debug|Any CPU
		{FBEB0111-5E45-413D-B2FD-3A8C11FA06A4}.Debug|ARM.ActiveCfg = Debug|Any CPU
		{FBEB0111-5E45-413D-B2FD-3A8C11FA06A4}.Debug|ARM.Build.0 = Debug|Any CPU
		{FBEB0111-5E45-413D-B2FD-3A8C11FA06A4}.Debug|ARM.Deploy.0 = Debug|Any CPU
		{FBEB0111-5E45-413D-B2FD-3A8C11FA06A4}.Debug|iPhone.ActiveCfg = Debug|Any CPU
		{FBEB0111-5E45-413D-B2FD-3A8C11FA06A4}.Debug|iPhone.Build.0 = Debug|Any CPU
		{FBEB0111-5E45-413D-B2FD-3A8C11FA06A4}.Debug|iPhone.Deploy.0 = Debug|Any CPU
		{FBEB0111-5E45-413D-B2FD-3A8C11FA06A4}.Debug|iPhoneSimulator.ActiveCfg = Debug|Any CPU
		{FBEB0111-5E45-413D-B2FD-3A8C11FA06A4}.Debug|iPhoneSimulator.Build.0 = Debug|Any CPU
		{FBEB0111-5E45-413D-B2FD-3A8C11FA06A4}.Debug|iPhoneSimulator.Deploy.0 = Debug|Any CPU
		{FBEB0111-5E45-413D-B2FD-3A8C11FA06A4}.Debug|x64.ActiveCfg = Debug|Any CPU
		{FBEB0111-5E45-413D-B2FD-3A8C11FA06A4}.Debug|x64.Build.0 = Debug|Any CPU
		{FBEB0111-5E45-413D-B2FD-3A8C11FA06A4}.Debug|x64.Deploy.0 = Debug|Any CPU
		{FBEB0111-5E45-413D-B2FD-3A8C11FA06A4}.Debug|x86.ActiveCfg = Debug|Any CPU
		{FBEB0111-5E45-413D-B2FD-3A8C11FA06A4}.Debug|x86.Build.0 = Debug|Any CPU
		{FBEB0111-5E45-413D-B2FD-3A8C11FA06A4}.Debug|x86.Deploy.0 = Debug|Any CPU
		{FBEB0111-5E45-413D-B2FD-3A8C11FA06A4}.Release|Any CPU.ActiveCfg = Release|Any CPU
		{FBEB0111-5E45-413D-B2FD-3A8C11FA06A4}.Release|Any CPU.Build.0 = Release|Any CPU
		{FBEB0111-5E45-413D-B2FD-3A8C11FA06A4}.Release|Any CPU.Deploy.0 = Release|Any CPU
		{FBEB0111-5E45-413D-B2FD-3A8C11FA06A4}.Release|ARM.ActiveCfg = Release|Any CPU
		{FBEB0111-5E45-413D-B2FD-3A8C11FA06A4}.Release|ARM.Build.0 = Release|Any CPU
		{FBEB0111-5E45-413D-B2FD-3A8C11FA06A4}.Release|ARM.Deploy.0 = Release|Any CPU
		{FBEB0111-5E45-413D-B2FD-3A8C11FA06A4}.Release|iPhone.ActiveCfg = Release|Any CPU
		{FBEB0111-5E45-413D-B2FD-3A8C11FA06A4}.Release|iPhone.Build.0 = Release|Any CPU
		{FBEB0111-5E45-413D-B2FD-3A8C11FA06A4}.Release|iPhone.Deploy.0 = Release|Any CPU
		{FBEB0111-5E45-413D-B2FD-3A8C11FA06A4}.Release|iPhoneSimulator.ActiveCfg = Release|Any CPU
		{FBEB0111-5E45-413D-B2FD-3A8C11FA06A4}.Release|iPhoneSimulator.Build.0 = Release|Any CPU
		{FBEB0111-5E45-413D-B2FD-3A8C11FA06A4}.Release|iPhoneSimulator.Deploy.0 = Release|Any CPU
		{FBEB0111-5E45-413D-B2FD-3A8C11FA06A4}.Release|x64.ActiveCfg = Release|Any CPU
		{FBEB0111-5E45-413D-B2FD-3A8C11FA06A4}.Release|x64.Build.0 = Release|Any CPU
		{FBEB0111-5E45-413D-B2FD-3A8C11FA06A4}.Release|x64.Deploy.0 = Release|Any CPU
		{FBEB0111-5E45-413D-B2FD-3A8C11FA06A4}.Release|x86.ActiveCfg = Release|Any CPU
		{FBEB0111-5E45-413D-B2FD-3A8C11FA06A4}.Release|x86.Build.0 = Release|Any CPU
		{FBEB0111-5E45-413D-B2FD-3A8C11FA06A4}.Release|x86.Deploy.0 = Release|Any CPU
		{11C7FC07-4780-48B4-83CD-D63064610E3D}.Ad-Hoc|Any CPU.ActiveCfg = Ad-Hoc|iPhone
		{11C7FC07-4780-48B4-83CD-D63064610E3D}.Ad-Hoc|ARM.ActiveCfg = Ad-Hoc|iPhone
		{11C7FC07-4780-48B4-83CD-D63064610E3D}.Ad-Hoc|iPhone.ActiveCfg = Ad-Hoc|iPhone
		{11C7FC07-4780-48B4-83CD-D63064610E3D}.Ad-Hoc|iPhone.Build.0 = Ad-Hoc|iPhone
		{11C7FC07-4780-48B4-83CD-D63064610E3D}.Ad-Hoc|iPhoneSimulator.ActiveCfg = Ad-Hoc|iPhoneSimulator
		{11C7FC07-4780-48B4-83CD-D63064610E3D}.Ad-Hoc|iPhoneSimulator.Build.0 = Ad-Hoc|iPhoneSimulator
		{11C7FC07-4780-48B4-83CD-D63064610E3D}.Ad-Hoc|x64.ActiveCfg = Ad-Hoc|iPhone
		{11C7FC07-4780-48B4-83CD-D63064610E3D}.Ad-Hoc|x86.ActiveCfg = Ad-Hoc|iPhone
		{11C7FC07-4780-48B4-83CD-D63064610E3D}.AppStore|Any CPU.ActiveCfg = AppStore|iPhone
		{11C7FC07-4780-48B4-83CD-D63064610E3D}.AppStore|ARM.ActiveCfg = AppStore|iPhone
		{11C7FC07-4780-48B4-83CD-D63064610E3D}.AppStore|iPhone.ActiveCfg = AppStore|iPhone
		{11C7FC07-4780-48B4-83CD-D63064610E3D}.AppStore|iPhone.Build.0 = AppStore|iPhone
		{11C7FC07-4780-48B4-83CD-D63064610E3D}.AppStore|iPhoneSimulator.ActiveCfg = AppStore|iPhoneSimulator
		{11C7FC07-4780-48B4-83CD-D63064610E3D}.AppStore|iPhoneSimulator.Build.0 = AppStore|iPhoneSimulator
		{11C7FC07-4780-48B4-83CD-D63064610E3D}.AppStore|x64.ActiveCfg = AppStore|iPhone
		{11C7FC07-4780-48B4-83CD-D63064610E3D}.AppStore|x86.ActiveCfg = AppStore|iPhone
		{11C7FC07-4780-48B4-83CD-D63064610E3D}.Debug|Any CPU.ActiveCfg = Debug|iPhone
		{11C7FC07-4780-48B4-83CD-D63064610E3D}.Debug|ARM.ActiveCfg = Debug|iPhone
		{11C7FC07-4780-48B4-83CD-D63064610E3D}.Debug|iPhone.ActiveCfg = Debug|iPhone
		{11C7FC07-4780-48B4-83CD-D63064610E3D}.Debug|iPhone.Build.0 = Debug|iPhone
		{11C7FC07-4780-48B4-83CD-D63064610E3D}.Debug|iPhoneSimulator.ActiveCfg = Debug|iPhoneSimulator
		{11C7FC07-4780-48B4-83CD-D63064610E3D}.Debug|iPhoneSimulator.Build.0 = Debug|iPhoneSimulator
		{11C7FC07-4780-48B4-83CD-D63064610E3D}.Debug|x64.ActiveCfg = Debug|iPhone
		{11C7FC07-4780-48B4-83CD-D63064610E3D}.Debug|x86.ActiveCfg = Debug|iPhone
		{11C7FC07-4780-48B4-83CD-D63064610E3D}.Release|Any CPU.ActiveCfg = Release|iPhone
		{11C7FC07-4780-48B4-83CD-D63064610E3D}.Release|ARM.ActiveCfg = Release|iPhone
		{11C7FC07-4780-48B4-83CD-D63064610E3D}.Release|iPhone.ActiveCfg = Release|iPhone
		{11C7FC07-4780-48B4-83CD-D63064610E3D}.Release|iPhone.Build.0 = Release|iPhone
		{11C7FC07-4780-48B4-83CD-D63064610E3D}.Release|iPhoneSimulator.ActiveCfg = Release|iPhoneSimulator
		{11C7FC07-4780-48B4-83CD-D63064610E3D}.Release|iPhoneSimulator.Build.0 = Release|iPhoneSimulator
		{11C7FC07-4780-48B4-83CD-D63064610E3D}.Release|x64.ActiveCfg = Release|iPhone
		{11C7FC07-4780-48B4-83CD-D63064610E3D}.Release|x86.ActiveCfg = Release|iPhone
		{FA52BD27-0300-41C0-BEE8-AA157B3AAFCB}.Ad-Hoc|Any CPU.ActiveCfg = Release|x86
		{FA52BD27-0300-41C0-BEE8-AA157B3AAFCB}.Ad-Hoc|Any CPU.Build.0 = Release|x86
		{FA52BD27-0300-41C0-BEE8-AA157B3AAFCB}.Ad-Hoc|Any CPU.Deploy.0 = Release|x86
		{FA52BD27-0300-41C0-BEE8-AA157B3AAFCB}.Ad-Hoc|ARM.ActiveCfg = Release|ARM
		{FA52BD27-0300-41C0-BEE8-AA157B3AAFCB}.Ad-Hoc|ARM.Build.0 = Release|ARM
		{FA52BD27-0300-41C0-BEE8-AA157B3AAFCB}.Ad-Hoc|ARM.Deploy.0 = Release|ARM
		{FA52BD27-0300-41C0-BEE8-AA157B3AAFCB}.Ad-Hoc|iPhone.ActiveCfg = Release|x86
		{FA52BD27-0300-41C0-BEE8-AA157B3AAFCB}.Ad-Hoc|iPhone.Build.0 = Release|x86
		{FA52BD27-0300-41C0-BEE8-AA157B3AAFCB}.Ad-Hoc|iPhone.Deploy.0 = Release|x86
		{FA52BD27-0300-41C0-BEE8-AA157B3AAFCB}.Ad-Hoc|iPhoneSimulator.ActiveCfg = Release|x86
		{FA52BD27-0300-41C0-BEE8-AA157B3AAFCB}.Ad-Hoc|iPhoneSimulator.Build.0 = Release|x86
		{FA52BD27-0300-41C0-BEE8-AA157B3AAFCB}.Ad-Hoc|iPhoneSimulator.Deploy.0 = Release|x86
		{FA52BD27-0300-41C0-BEE8-AA157B3AAFCB}.Ad-Hoc|x64.ActiveCfg = Release|x64
		{FA52BD27-0300-41C0-BEE8-AA157B3AAFCB}.Ad-Hoc|x64.Build.0 = Release|x64
		{FA52BD27-0300-41C0-BEE8-AA157B3AAFCB}.Ad-Hoc|x64.Deploy.0 = Release|x64
		{FA52BD27-0300-41C0-BEE8-AA157B3AAFCB}.Ad-Hoc|x86.ActiveCfg = Release|x86
		{FA52BD27-0300-41C0-BEE8-AA157B3AAFCB}.Ad-Hoc|x86.Build.0 = Release|x86
		{FA52BD27-0300-41C0-BEE8-AA157B3AAFCB}.Ad-Hoc|x86.Deploy.0 = Release|x86
		{FA52BD27-0300-41C0-BEE8-AA157B3AAFCB}.AppStore|Any CPU.ActiveCfg = Release|x86
		{FA52BD27-0300-41C0-BEE8-AA157B3AAFCB}.AppStore|Any CPU.Build.0 = Release|x86
		{FA52BD27-0300-41C0-BEE8-AA157B3AAFCB}.AppStore|Any CPU.Deploy.0 = Release|x86
		{FA52BD27-0300-41C0-BEE8-AA157B3AAFCB}.AppStore|ARM.ActiveCfg = Release|ARM
		{FA52BD27-0300-41C0-BEE8-AA157B3AAFCB}.AppStore|ARM.Build.0 = Release|ARM
		{FA52BD27-0300-41C0-BEE8-AA157B3AAFCB}.AppStore|ARM.Deploy.0 = Release|ARM
		{FA52BD27-0300-41C0-BEE8-AA157B3AAFCB}.AppStore|iPhone.ActiveCfg = Release|x86
		{FA52BD27-0300-41C0-BEE8-AA157B3AAFCB}.AppStore|iPhone.Build.0 = Release|x86
		{FA52BD27-0300-41C0-BEE8-AA157B3AAFCB}.AppStore|iPhone.Deploy.0 = Release|x86
		{FA52BD27-0300-41C0-BEE8-AA157B3AAFCB}.AppStore|iPhoneSimulator.ActiveCfg = Release|x86
		{FA52BD27-0300-41C0-BEE8-AA157B3AAFCB}.AppStore|iPhoneSimulator.Build.0 = Release|x86
		{FA52BD27-0300-41C0-BEE8-AA157B3AAFCB}.AppStore|iPhoneSimulator.Deploy.0 = Release|x86
		{FA52BD27-0300-41C0-BEE8-AA157B3AAFCB}.AppStore|x64.ActiveCfg = Release|x64
		{FA52BD27-0300-41C0-BEE8-AA157B3AAFCB}.AppStore|x64.Build.0 = Release|x64
		{FA52BD27-0300-41C0-BEE8-AA157B3AAFCB}.AppStore|x64.Deploy.0 = Release|x64
		{FA52BD27-0300-41C0-BEE8-AA157B3AAFCB}.AppStore|x86.ActiveCfg = Release|x86
		{FA52BD27-0300-41C0-BEE8-AA157B3AAFCB}.AppStore|x86.Build.0 = Release|x86
		{FA52BD27-0300-41C0-BEE8-AA157B3AAFCB}.AppStore|x86.Deploy.0 = Release|x86
		{FA52BD27-0300-41C0-BEE8-AA157B3AAFCB}.Debug|Any CPU.ActiveCfg = Debug|x86
		{FA52BD27-0300-41C0-BEE8-AA157B3AAFCB}.Debug|ARM.ActiveCfg = Debug|ARM
		{FA52BD27-0300-41C0-BEE8-AA157B3AAFCB}.Debug|ARM.Build.0 = Debug|ARM
		{FA52BD27-0300-41C0-BEE8-AA157B3AAFCB}.Debug|ARM.Deploy.0 = Debug|ARM
		{FA52BD27-0300-41C0-BEE8-AA157B3AAFCB}.Debug|iPhone.ActiveCfg = Debug|x86
		{FA52BD27-0300-41C0-BEE8-AA157B3AAFCB}.Debug|iPhoneSimulator.ActiveCfg = Debug|x86
		{FA52BD27-0300-41C0-BEE8-AA157B3AAFCB}.Debug|x64.ActiveCfg = Debug|x64
		{FA52BD27-0300-41C0-BEE8-AA157B3AAFCB}.Debug|x64.Build.0 = Debug|x64
		{FA52BD27-0300-41C0-BEE8-AA157B3AAFCB}.Debug|x64.Deploy.0 = Debug|x64
		{FA52BD27-0300-41C0-BEE8-AA157B3AAFCB}.Debug|x86.ActiveCfg = Debug|x86
		{FA52BD27-0300-41C0-BEE8-AA157B3AAFCB}.Debug|x86.Build.0 = Debug|x86
		{FA52BD27-0300-41C0-BEE8-AA157B3AAFCB}.Debug|x86.Deploy.0 = Debug|x86
		{FA52BD27-0300-41C0-BEE8-AA157B3AAFCB}.Release|Any CPU.ActiveCfg = Release|x86
		{FA52BD27-0300-41C0-BEE8-AA157B3AAFCB}.Release|ARM.ActiveCfg = Release|ARM
		{FA52BD27-0300-41C0-BEE8-AA157B3AAFCB}.Release|ARM.Build.0 = Release|ARM
		{FA52BD27-0300-41C0-BEE8-AA157B3AAFCB}.Release|ARM.Deploy.0 = Release|ARM
		{FA52BD27-0300-41C0-BEE8-AA157B3AAFCB}.Release|iPhone.ActiveCfg = Release|x86
		{FA52BD27-0300-41C0-BEE8-AA157B3AAFCB}.Release|iPhoneSimulator.ActiveCfg = Release|x86
		{FA52BD27-0300-41C0-BEE8-AA157B3AAFCB}.Release|x64.ActiveCfg = Release|x64
		{FA52BD27-0300-41C0-BEE8-AA157B3AAFCB}.Release|x64.Build.0 = Release|x64
		{FA52BD27-0300-41C0-BEE8-AA157B3AAFCB}.Release|x64.Deploy.0 = Release|x64
		{FA52BD27-0300-41C0-BEE8-AA157B3AAFCB}.Release|x86.ActiveCfg = Release|x86
		{FA52BD27-0300-41C0-BEE8-AA157B3AAFCB}.Release|x86.Build.0 = Release|x86
		{FA52BD27-0300-41C0-BEE8-AA157B3AAFCB}.Release|x86.Deploy.0 = Release|x86
	EndGlobalSection
	GlobalSection(SolutionProperties) = preSolution
		HideSolutionNode = FALSE
	EndGlobalSection
EndGlobal
